<?xml version="1.0" encoding="utf-8"?>
<Project ToolsVersion="4.0" xmlns="http://schemas.microsoft.com/developer/msbuild/2003">
  <ItemGroup>
    <Filter Include="소스 파일">
      <UniqueIdentifier>{4FC737F1-C7A5-4376-A066-2A32D752A2FF}</UniqueIdentifier>
      <Extensions>cpp;c;cc;cxx;def;odl;idl;hpj;bat;asm;asmx</Extensions>
    </Filter>
    <Filter Include="헤더 파일">
      <UniqueIdentifier>{93995380-89BD-4b04-88EB-625FBE52EBFB}</UniqueIdentifier>
      <Extensions>h;hh;hpp;hxx;hm;inl;inc;ipp;xsd</Extensions>
    </Filter>
    <Filter Include="리소스 파일">
      <UniqueIdentifier>{67DA6AB6-F800-4c08-8B7A-83BB121AAD01}</UniqueIdentifier>
      <Extensions>rc;ico;cur;bmp;dlg;rc2;rct;bin;rgs;gif;jpg;jpeg;jpe;resx;tiff;tif;png;wav;mfcribbon-ms</Extensions>
    </Filter>
    <Filter Include="소스 파일\Core">
      <UniqueIdentifier>{76fab8f5-78aa-4550-91c5-34a76653704c}</UniqueIdentifier>
    </Filter>
    <Filter Include="헤더 파일\Core">
      <UniqueIdentifier>{2ab32b35-572d-45a7-8f59-15606eb10b6a}</UniqueIdentifier>
    </Filter>
    <Filter Include="소스 파일\legacy">
      <UniqueIdentifier>{58e97e40-45d0-4ea8-b462-903e4afa1924}</UniqueIdentifier>
    </Filter>
    <Filter Include="헤더 파일\legacy">
      <UniqueIdentifier>{9ff90384-034a-49c8-9c04-c8efae7b7904}</UniqueIdentifier>
    </Filter>
  </ItemGroup>
  <ItemGroup>
    <ClCompile Include="Camera.cpp">
      <Filter>소스 파일\Core</Filter>
    </ClCompile>
    <ClCompile Include="Collider.cpp">
      <Filter>소스 파일\Core</Filter>
    </ClCompile>
    <ClCompile Include="GameObject.cpp">
      <Filter>소스 파일\Core</Filter>
    </ClCompile>
    <ClCompile Include="Image.cpp">
      <Filter>소스 파일\Core</Filter>
    </ClCompile>
    <ClCompile Include="ImageRenderer.cpp">
      <Filter>소스 파일\Core</Filter>
    </ClCompile>
    <ClCompile Include="Line.cpp">
      <Filter>소스 파일\Core</Filter>
    </ClCompile>
    <ClCompile Include="ProgramCore.cpp">
      <Filter>소스 파일\Core</Filter>
    </ClCompile>
    <ClCompile Include="RectCollider.cpp">
      <Filter>소스 파일\Core</Filter>
    </ClCompile>
    <ClCompile Include="RectRenderer.cpp">
      <Filter>소스 파일\Core</Filter>
    </ClCompile>
    <ClCompile Include="Renderer.cpp">
      <Filter>소스 파일\Core</Filter>
    </ClCompile>
    <ClCompile Include="Scene.cpp">
      <Filter>소스 파일\Core</Filter>
    </ClCompile>
    <ClCompile Include="winmain.cpp">
      <Filter>소스 파일\Core</Filter>
    </ClCompile>
    <ClCompile Include="cmGameScene.cpp">
      <Filter>소스 파일\legacy</Filter>
    </ClCompile>
    <ClCompile Include="DrawObject.cpp">
      <Filter>소스 파일\legacy</Filter>
    </ClCompile>
    <ClCompile Include="pgGameScene.cpp">
      <Filter>소스 파일</Filter>
    </ClCompile>
    <ClCompile Include="main.cpp">
      <Filter>소스 파일</Filter>
    </ClCompile>
  </ItemGroup>
  <ItemGroup>
    <ClInclude Include="Camera.h">
      <Filter>헤더 파일\Core</Filter>
    </ClInclude>
    <ClInclude Include="Collider.h">
      <Filter>헤더 파일\Core</Filter>
    </ClInclude>
    <ClInclude Include="EnumMouse.h">
      <Filter>헤더 파일\Core</Filter>
    </ClInclude>
    <ClInclude Include="Execution.h">
      <Filter>헤더 파일\Core</Filter>
    </ClInclude>
    <ClInclude Include="GameObject.h">
      <Filter>헤더 파일\Core</Filter>
    </ClInclude>
    <ClInclude Include="Image.h">
      <Filter>헤더 파일\Core</Filter>
    </ClInclude>
    <ClInclude Include="ImageRenderer.h">
      <Filter>헤더 파일\Core</Filter>
    </ClInclude>
    <ClInclude Include="Line.h">
      <Filter>헤더 파일\Core</Filter>
    </ClInclude>
    <ClInclude Include="ProgramCore.h">
      <Filter>헤더 파일\Core</Filter>
    </ClInclude>
    <ClInclude Include="RectCollider.h">
      <Filter>헤더 파일\Core</Filter>
    </ClInclude>
    <ClInclude Include="RectRenderer.h">
      <Filter>헤더 파일\Core</Filter>
    </ClInclude>
    <ClInclude Include="Renderer.h">
      <Filter>헤더 파일\Core</Filter>
    </ClInclude>
    <ClInclude Include="Scene.h">
      <Filter>헤더 파일\Core</Filter>
    </ClInclude>
    <ClInclude Include="Vector2D.h">
      <Filter>헤더 파일\Core</Filter>
    </ClInclude>
    <ClInclude Include="WndBase.h">
      <Filter>헤더 파일\Core</Filter>
    </ClInclude>
    <ClInclude Include="PACKET.h">
      <Filter>헤더 파일</Filter>
    </ClInclude>
    <ClInclude Include="cmGameScene.h">
      <Filter>헤더 파일\legacy</Filter>
    </ClInclude>
    <ClInclude Include="DrawObject.h">
      <Filter>헤더 파일\legacy</Filter>
    </ClInclude>
    <ClInclude Include="pgGameScene.h">
      <Filter>헤더 파일</Filter>
    </ClInclude>
    <ClInclude Include="EnumImg.h">
      <Filter>헤더 파일</Filter>
    </ClInclude>
    <ClInclude Include="EnumPgGameState.h">
      <Filter>헤더 파일</Filter>
    </ClInclude>
    <ClInclude Include="pgBtn.h">
      <Filter>헤더 파일</Filter>
    </ClInclude>
  </ItemGroup>
  <ItemGroup>
    <Text Include="Lagacy_packet.txt">
      <Filter>소스 파일\legacy</Filter>
    </Text>
  </ItemGroup>
</Project>